// !$*UTF8*$!
{
	archiveVersion = 1;
	classes = {
	};
	objectVersion = 46;
	objects = {

/* Begin PBXBuildFile section */
		4D0FE4711AE7DF3C005B46DD /* ProjectsViewController.m in Sources */ = {isa = PBXBuildFile; fileRef = 4D0FE4701AE7DF3C005B46DD /* ProjectsViewController.m */; };
		4D0FE4741AE7ECD2005B46DD /* gpacal.png in Resources */ = {isa = PBXBuildFile; fileRef = 4D0FE4731AE7ECD2005B46DD /* gpacal.png */; };
		4D0FE4851AE7ED76005B46DD /* blankicon.png in Resources */ = {isa = PBXBuildFile; fileRef = 4D0FE4841AE7ED76005B46DD /* blankicon.png */; };
		4D13A66F1ADFF86200979F32 /* AboutCell.xib in Resources */ = {isa = PBXBuildFile; fileRef = 4D13A66E1ADFF86200979F32 /* AboutCell.xib */; };
		4D13A6721ADFF98C00979F32 /* MainViewController.m in Sources */ = {isa = PBXBuildFile; fileRef = 4D13A6711ADFF98C00979F32 /* MainViewController.m */; };
		4D13A6751AE0009500979F32 /* AboutCell.m in Sources */ = {isa = PBXBuildFile; fileRef = 4D13A6741AE0009500979F32 /* AboutCell.m */; };
		4D13A6771AE0133F00979F32 /* 402-Faceit-SirArkimedesBukkitDev.png in Resources */ = {isa = PBXBuildFile; fileRef = 4D13A6761AE0133F00979F32 /* 402-Faceit-SirArkimedesBukkitDev.png */; };
		4D13A67B1AE01F6A00979F32 /* GitHub_Logo.png in Resources */ = {isa = PBXBuildFile; fileRef = 4D13A67A1AE01F6A00979F32 /* GitHub_Logo.png */; };
		4D13A67D1AE01FF200979F32 /* High School logo.png in Resources */ = {isa = PBXBuildFile; fileRef = 4D13A67C1AE01FF200979F32 /* High School logo.png */; };
		4D21568C1AE09B190059EA08 /* Item.m in Sources */ = {isa = PBXBuildFile; fileRef = 4D21568B1AE09B190059EA08 /* Item.m */; };
		4D2242531AE337010078C062 /* GameViewController.m in Sources */ = {isa = PBXBuildFile; fileRef = 4D2242521AE337010078C062 /* GameViewController.m */; };
		4D51DEF41ADF53B200FD3DE9 /* main.m in Sources */ = {isa = PBXBuildFile; fileRef = 4D51DEF31ADF53B200FD3DE9 /* main.m */; };
		4D51DEF71ADF53B200FD3DE9 /* AppDelegate.m in Sources */ = {isa = PBXBuildFile; fileRef = 4D51DEF61ADF53B200FD3DE9 /* AppDelegate.m */; };
		4D51DEFA1ADF53B200FD3DE9 /* Andrew_Robinson.xcdatamodeld in Sources */ = {isa = PBXBuildFile; fileRef = 4D51DEF81ADF53B200FD3DE9 /* Andrew_Robinson.xcdatamodeld */; };
		4D51DF001ADF53B200FD3DE9 /* Main.storyboard in Resources */ = {isa = PBXBuildFile; fileRef = 4D51DEFE1ADF53B200FD3DE9 /* Main.storyboard */; };
		4D51DF021ADF53B200FD3DE9 /* Images.xcassets in Resources */ = {isa = PBXBuildFile; fileRef = 4D51DF011ADF53B200FD3DE9 /* Images.xcassets */; };
		4D51DF051ADF53B200FD3DE9 /* LaunchScreen.xib in Resources */ = {isa = PBXBuildFile; fileRef = 4D51DF031ADF53B200FD3DE9 /* LaunchScreen.xib */; };
		4D51DF111ADF53B200FD3DE9 /* Andrew_RobinsonTests.m in Sources */ = {isa = PBXBuildFile; fileRef = 4D51DF101ADF53B200FD3DE9 /* Andrew_RobinsonTests.m */; };
		4D9911161AE4793E0038B554 /* GameScene.sks in Resources */ = {isa = PBXBuildFile; fileRef = 4D9911151AE4793E0038B554 /* GameScene.sks */; };
		4D9911191AE479650038B554 /* GameScene.m in Sources */ = {isa = PBXBuildFile; fileRef = 4D9911181AE479650038B554 /* GameScene.m */; };
		4D99111C1AE481FA0038B554 /* GameScene.swift in Sources */ = {isa = PBXBuildFile; fileRef = 4D99111B1AE481FA0038B554 /* GameScene.swift */; };
		4DE522ED1AE5DFA400094627 /* xcode_hammer.png in Resources */ = {isa = PBXBuildFile; fileRef = 4DE522EC1AE5DFA400094627 /* xcode_hammer.png */; };
		4DE522EF1AE5E38800094627 /* deliverycoicon.png in Resources */ = {isa = PBXBuildFile; fileRef = 4DE522EE1AE5E38800094627 /* deliverycoicon.png */; };
		4DF583371AE56A150070FAC5 /* DetailViewController.m in Sources */ = {isa = PBXBuildFile; fileRef = 4DF583361AE56A150070FAC5 /* DetailViewController.m */; };
/* End PBXBuildFile section */

/* Begin PBXContainerItemProxy section */
		4D51DF0B1ADF53B200FD3DE9 /* PBXContainerItemProxy */ = {
			isa = PBXContainerItemProxy;
			containerPortal = 4D51DEE61ADF53B200FD3DE9 /* Project object */;
			proxyType = 1;
			remoteGlobalIDString = 4D51DEED1ADF53B200FD3DE9;
			remoteInfo = "Andrew Robinson";
		};
/* End PBXContainerItemProxy section */

/* Begin PBXFileReference section */
		4D0FE46F1AE7DF3C005B46DD /* ProjectsViewController.h */ = {isa = PBXFileReference; fileEncoding = 4; lastKnownFileType = sourcecode.c.h; path = ProjectsViewController.h; sourceTree = "<group>"; };
		4D0FE4701AE7DF3C005B46DD /* ProjectsViewController.m */ = {isa = PBXFileReference; fileEncoding = 4; lastKnownFileType = sourcecode.c.objc; path = ProjectsViewController.m; sourceTree = "<group>"; };
		4D0FE4731AE7ECD2005B46DD /* gpacal.png */ = {isa = PBXFileReference; lastKnownFileType = image.png; name = gpacal.png; path = Assets/gpacal.png; sourceTree = "<group>"; };
		4D0FE4841AE7ED76005B46DD /* blankicon.png */ = {isa = PBXFileReference; lastKnownFileType = image.png; name = blankicon.png; path = Assets/blankicon.png; sourceTree = "<group>"; };
		4D13A66E1ADFF86200979F32 /* AboutCell.xib */ = {isa = PBXFileReference; fileEncoding = 4; lastKnownFileType = file.xib; path = AboutCell.xib; sourceTree = "<group>"; };
		4D13A6701ADFF98C00979F32 /* MainViewController.h */ = {isa = PBXFileReference; fileEncoding = 4; lastKnownFileType = sourcecode.c.h; path = MainViewController.h; sourceTree = "<group>"; };
		4D13A6711ADFF98C00979F32 /* MainViewController.m */ = {isa = PBXFileReference; fileEncoding = 4; lastKnownFileType = sourcecode.c.objc; path = MainViewController.m; sourceTree = "<group>"; };
		4D13A6731AE0009500979F32 /* AboutCell.h */ = {isa = PBXFileReference; fileEncoding = 4; lastKnownFileType = sourcecode.c.h; path = AboutCell.h; sourceTree = "<group>"; };
		4D13A6741AE0009500979F32 /* AboutCell.m */ = {isa = PBXFileReference; fileEncoding = 4; lastKnownFileType = sourcecode.c.objc; path = AboutCell.m; sourceTree = "<group>"; };
		4D13A6761AE0133F00979F32 /* 402-Faceit-SirArkimedesBukkitDev.png */ = {isa = PBXFileReference; lastKnownFileType = image.png; name = "402-Faceit-SirArkimedesBukkitDev.png"; path = "Assets/402-Faceit-SirArkimedesBukkitDev.png"; sourceTree = "<group>"; };
		4D13A67A1AE01F6A00979F32 /* GitHub_Logo.png */ = {isa = PBXFileReference; lastKnownFileType = image.png; name = GitHub_Logo.png; path = Assets/GitHub_Logo.png; sourceTree = "<group>"; };
		4D13A67C1AE01FF200979F32 /* High School logo.png */ = {isa = PBXFileReference; lastKnownFileType = image.png; name = "High School logo.png"; path = "Assets/High School logo.png"; sourceTree = "<group>"; };
		4D21568A1AE09B190059EA08 /* Item.h */ = {isa = PBXFileReference; fileEncoding = 4; lastKnownFileType = sourcecode.c.h; path = Item.h; sourceTree = "<group>"; };
		4D21568B1AE09B190059EA08 /* Item.m */ = {isa = PBXFileReference; fileEncoding = 4; lastKnownFileType = sourcecode.c.objc; path = Item.m; sourceTree = "<group>"; };
		4D2242511AE337010078C062 /* GameViewController.h */ = {isa = PBXFileReference; fileEncoding = 4; lastKnownFileType = sourcecode.c.h; path = GameViewController.h; sourceTree = "<group>"; };
		4D2242521AE337010078C062 /* GameViewController.m */ = {isa = PBXFileReference; fileEncoding = 4; lastKnownFileType = sourcecode.c.objc; path = GameViewController.m; sourceTree = "<group>"; };
		4D51DEEE1ADF53B200FD3DE9 /* Andrew Robinson.app */ = {isa = PBXFileReference; explicitFileType = wrapper.application; includeInIndex = 0; path = "Andrew Robinson.app"; sourceTree = BUILT_PRODUCTS_DIR; };
		4D51DEF21ADF53B200FD3DE9 /* Info.plist */ = {isa = PBXFileReference; lastKnownFileType = text.plist.xml; path = Info.plist; sourceTree = "<group>"; };
		4D51DEF31ADF53B200FD3DE9 /* main.m */ = {isa = PBXFileReference; lastKnownFileType = sourcecode.c.objc; path = main.m; sourceTree = "<group>"; };
		4D51DEF51ADF53B200FD3DE9 /* AppDelegate.h */ = {isa = PBXFileReference; lastKnownFileType = sourcecode.c.h; path = AppDelegate.h; sourceTree = "<group>"; };
		4D51DEF61ADF53B200FD3DE9 /* AppDelegate.m */ = {isa = PBXFileReference; lastKnownFileType = sourcecode.c.objc; path = AppDelegate.m; sourceTree = "<group>"; };
		4D51DEF91ADF53B200FD3DE9 /* Andrew_Robinson.xcdatamodel */ = {isa = PBXFileReference; lastKnownFileType = wrapper.xcdatamodel; path = Andrew_Robinson.xcdatamodel; sourceTree = "<group>"; };
		4D51DEFF1ADF53B200FD3DE9 /* Base */ = {isa = PBXFileReference; lastKnownFileType = file.storyboard; name = Base; path = Base.lproj/Main.storyboard; sourceTree = "<group>"; };
		4D51DF011ADF53B200FD3DE9 /* Images.xcassets */ = {isa = PBXFileReference; lastKnownFileType = folder.assetcatalog; path = Images.xcassets; sourceTree = "<group>"; };
		4D51DF041ADF53B200FD3DE9 /* Base */ = {isa = PBXFileReference; lastKnownFileType = file.xib; name = Base; path = Base.lproj/LaunchScreen.xib; sourceTree = "<group>"; };
		4D51DF0A1ADF53B200FD3DE9 /* Andrew RobinsonTests.xctest */ = {isa = PBXFileReference; explicitFileType = wrapper.cfbundle; includeInIndex = 0; path = "Andrew RobinsonTests.xctest"; sourceTree = BUILT_PRODUCTS_DIR; };
		4D51DF0F1ADF53B200FD3DE9 /* Info.plist */ = {isa = PBXFileReference; lastKnownFileType = text.plist.xml; path = Info.plist; sourceTree = "<group>"; };
		4D51DF101ADF53B200FD3DE9 /* Andrew_RobinsonTests.m */ = {isa = PBXFileReference; lastKnownFileType = sourcecode.c.objc; path = Andrew_RobinsonTests.m; sourceTree = "<group>"; };
		4D9911151AE4793E0038B554 /* GameScene.sks */ = {isa = PBXFileReference; lastKnownFileType = file.sks; path = GameScene.sks; sourceTree = "<group>"; };
		4D9911171AE479650038B554 /* GameScene.h */ = {isa = PBXFileReference; fileEncoding = 4; lastKnownFileType = sourcecode.c.h; path = GameScene.h; sourceTree = "<group>"; };
		4D9911181AE479650038B554 /* GameScene.m */ = {isa = PBXFileReference; fileEncoding = 4; lastKnownFileType = sourcecode.c.objc; path = GameScene.m; sourceTree = "<group>"; };
		4D99111A1AE481FA0038B554 /* Andrew Robinson-Bridging-Header.h */ = {isa = PBXFileReference; lastKnownFileType = sourcecode.c.h; path = "Andrew Robinson-Bridging-Header.h"; sourceTree = "<group>"; };
		4D99111B1AE481FA0038B554 /* GameScene.swift */ = {isa = PBXFileReference; fileEncoding = 4; lastKnownFileType = sourcecode.swift; path = GameScene.swift; sourceTree = "<group>"; };
		4DE522EC1AE5DFA400094627 /* xcode_hammer.png */ = {isa = PBXFileReference; lastKnownFileType = image.png; name = xcode_hammer.png; path = Assets/xcode_hammer.png; sourceTree = "<group>"; };
		4DE522EE1AE5E38800094627 /* deliverycoicon.png */ = {isa = PBXFileReference; lastKnownFileType = image.png; name = deliverycoicon.png; path = Assets/deliverycoicon.png; sourceTree = "<group>"; };
		4DF583351AE56A150070FAC5 /* DetailViewController.h */ = {isa = PBXFileReference; fileEncoding = 4; lastKnownFileType = sourcecode.c.h; name = DetailViewController.h; path = ../DetailViewController.h; sourceTree = "<group>"; };
		4DF583361AE56A150070FAC5 /* DetailViewController.m */ = {isa = PBXFileReference; fileEncoding = 4; lastKnownFileType = sourcecode.c.objc; name = DetailViewController.m; path = ../DetailViewController.m; sourceTree = "<group>"; };
/* End PBXFileReference section */

/* Begin PBXFrameworksBuildPhase section */
		4D51DEEB1ADF53B200FD3DE9 /* Frameworks */ = {
			isa = PBXFrameworksBuildPhase;
			buildActionMask = 2147483647;
			files = (
			);
			runOnlyForDeploymentPostprocessing = 0;
		};
		4D51DF071ADF53B200FD3DE9 /* Frameworks */ = {
			isa = PBXFrameworksBuildPhase;
			buildActionMask = 2147483647;
			files = (
			);
			runOnlyForDeploymentPostprocessing = 0;
		};
/* End PBXFrameworksBuildPhase section */

/* Begin PBXGroup section */
		4D0FE4721AE7DFD3005B46DD /* ViewControllers */ = {
			isa = PBXGroup;
			children = (
				4DF583351AE56A150070FAC5 /* DetailViewController.h */,
				4DF583361AE56A150070FAC5 /* DetailViewController.m */,
				4D0FE46F1AE7DF3C005B46DD /* ProjectsViewController.h */,
				4D0FE4701AE7DF3C005B46DD /* ProjectsViewController.m */,
			);
			name = ViewControllers;
			sourceTree = "<group>";
		};
		4D13A66D1ADFF65E00979F32 /* Assets */ = {
			isa = PBXGroup;
			children = (
				4D0FE4841AE7ED76005B46DD /* blankicon.png */,
				4D0FE4731AE7ECD2005B46DD /* gpacal.png */,
				4DE522EE1AE5E38800094627 /* deliverycoicon.png */,
				4DE522EC1AE5DFA400094627 /* xcode_hammer.png */,
				4D13A67A1AE01F6A00979F32 /* GitHub_Logo.png */,
				4D13A6761AE0133F00979F32 /* 402-Faceit-SirArkimedesBukkitDev.png */,
				4D13A67C1AE01FF200979F32 /* High School logo.png */,
			);
			name = Assets;
			sourceTree = "<group>";
		};
		4D51DEE51ADF53B200FD3DE9 = {
			isa = PBXGroup;
			children = (
				4D51DEF01ADF53B200FD3DE9 /* Andrew Robinson */,
				4D51DF0D1ADF53B200FD3DE9 /* Andrew RobinsonTests */,
				4D51DEEF1ADF53B200FD3DE9 /* Products */,
			);
			sourceTree = "<group>";
		};
		4D51DEEF1ADF53B200FD3DE9 /* Products */ = {
			isa = PBXGroup;
			children = (
				4D51DEEE1ADF53B200FD3DE9 /* Andrew Robinson.app */,
				4D51DF0A1ADF53B200FD3DE9 /* Andrew RobinsonTests.xctest */,
			);
			name = Products;
			sourceTree = "<group>";
		};
		4D51DEF01ADF53B200FD3DE9 /* Andrew Robinson */ = {
			isa = PBXGroup;
			children = (
				4D0FE4721AE7DFD3005B46DD /* ViewControllers */,
				4D9911141AE4790D0038B554 /* Game Background */,
				4D13A66D1ADFF65E00979F32 /* Assets */,
				4D51DEF51ADF53B200FD3DE9 /* AppDelegate.h */,
				4D51DEF61ADF53B200FD3DE9 /* AppDelegate.m */,
				4D21568A1AE09B190059EA08 /* Item.h */,
				4D21568B1AE09B190059EA08 /* Item.m */,
				4D13A6701ADFF98C00979F32 /* MainViewController.h */,
				4D13A6711ADFF98C00979F32 /* MainViewController.m */,
				4D13A66E1ADFF86200979F32 /* AboutCell.xib */,
				4D13A6731AE0009500979F32 /* AboutCell.h */,
				4D13A6741AE0009500979F32 /* AboutCell.m */,
				4D51DEFE1ADF53B200FD3DE9 /* Main.storyboard */,
				4D51DF011ADF53B200FD3DE9 /* Images.xcassets */,
				4D51DF031ADF53B200FD3DE9 /* LaunchScreen.xib */,
				4D51DEF81ADF53B200FD3DE9 /* Andrew_Robinson.xcdatamodeld */,
				4D51DEF11ADF53B200FD3DE9 /* Supporting Files */,
			);
			path = "Andrew Robinson";
			sourceTree = "<group>";
		};
		4D51DEF11ADF53B200FD3DE9 /* Supporting Files */ = {
			isa = PBXGroup;
			children = (
				4D51DEF21ADF53B200FD3DE9 /* Info.plist */,
				4D51DEF31ADF53B200FD3DE9 /* main.m */,
			);
			name = "Supporting Files";
			sourceTree = "<group>";
		};
		4D51DF0D1ADF53B200FD3DE9 /* Andrew RobinsonTests */ = {
			isa = PBXGroup;
			children = (
				4D51DF101ADF53B200FD3DE9 /* Andrew_RobinsonTests.m */,
				4D51DF0E1ADF53B200FD3DE9 /* Supporting Files */,
			);
			path = "Andrew RobinsonTests";
			sourceTree = "<group>";
		};
		4D51DF0E1ADF53B200FD3DE9 /* Supporting Files */ = {
			isa = PBXGroup;
			children = (
				4D51DF0F1ADF53B200FD3DE9 /* Info.plist */,
			);
			name = "Supporting Files";
			sourceTree = "<group>";
		};
		4D9911141AE4790D0038B554 /* Game Background */ = {
			isa = PBXGroup;
			children = (
				4D2242511AE337010078C062 /* GameViewController.h */,
				4D2242521AE337010078C062 /* GameViewController.m */,
				4D9911151AE4793E0038B554 /* GameScene.sks */,
				4D9911171AE479650038B554 /* GameScene.h */,
				4D9911181AE479650038B554 /* GameScene.m */,
				4D99111B1AE481FA0038B554 /* GameScene.swift */,
				4D99111A1AE481FA0038B554 /* Andrew Robinson-Bridging-Header.h */,
			);
			name = "Game Background";
			sourceTree = "<group>";
		};
/* End PBXGroup section */

/* Begin PBXNativeTarget section */
		4D51DEED1ADF53B200FD3DE9 /* Andrew Robinson */ = {
			isa = PBXNativeTarget;
			buildConfigurationList = 4D51DF141ADF53B200FD3DE9 /* Build configuration list for PBXNativeTarget "Andrew Robinson" */;
			buildPhases = (
				4D51DEEA1ADF53B200FD3DE9 /* Sources */,
				4D51DEEB1ADF53B200FD3DE9 /* Frameworks */,
				4D51DEEC1ADF53B200FD3DE9 /* Resources */,
			);
			buildRules = (
			);
			dependencies = (
			);
			name = "Andrew Robinson";
			productName = "Andrew Robinson";
			productReference = 4D51DEEE1ADF53B200FD3DE9 /* Andrew Robinson.app */;
			productType = "com.apple.product-type.application";
		};
		4D51DF091ADF53B200FD3DE9 /* Andrew RobinsonTests */ = {
			isa = PBXNativeTarget;
			buildConfigurationList = 4D51DF171ADF53B200FD3DE9 /* Build configuration list for PBXNativeTarget "Andrew RobinsonTests" */;
			buildPhases = (
				4D51DF061ADF53B200FD3DE9 /* Sources */,
				4D51DF071ADF53B200FD3DE9 /* Frameworks */,
				4D51DF081ADF53B200FD3DE9 /* Resources */,
			);
			buildRules = (
			);
			dependencies = (
				4D51DF0C1ADF53B200FD3DE9 /* PBXTargetDependency */,
			);
			name = "Andrew RobinsonTests";
			productName = "Andrew RobinsonTests";
			productReference = 4D51DF0A1ADF53B200FD3DE9 /* Andrew RobinsonTests.xctest */;
			productType = "com.apple.product-type.bundle.unit-test";
		};
/* End PBXNativeTarget section */

/* Begin PBXProject section */
		4D51DEE61ADF53B200FD3DE9 /* Project object */ = {
			isa = PBXProject;
			attributes = {
				LastUpgradeCheck = 0630;
				ORGANIZATIONNAME = "Andrew Robinson";
				TargetAttributes = {
					4D51DEED1ADF53B200FD3DE9 = {
						CreatedOnToolsVersion = 6.3;
						DevelopmentTeam = W32V57Q5XB;
					};
					4D51DF091ADF53B200FD3DE9 = {
						CreatedOnToolsVersion = 6.3;
						TestTargetID = 4D51DEED1ADF53B200FD3DE9;
					};
				};
			};
			buildConfigurationList = 4D51DEE91ADF53B200FD3DE9 /* Build configuration list for PBXProject "Andrew Robinson" */;
			compatibilityVersion = "Xcode 3.2";
			developmentRegion = English;
			hasScannedForEncodings = 0;
			knownRegions = (
				en,
				Base,
			);
			mainGroup = 4D51DEE51ADF53B200FD3DE9;
			productRefGroup = 4D51DEEF1ADF53B200FD3DE9 /* Products */;
			projectDirPath = "";
			projectRoot = "";
			targets = (
				4D51DEED1ADF53B200FD3DE9 /* Andrew Robinson */,
				4D51DF091ADF53B200FD3DE9 /* Andrew RobinsonTests */,
			);
		};
/* End PBXProject section */

/* Begin PBXResourcesBuildPhase section */
		4D51DEEC1ADF53B200FD3DE9 /* Resources */ = {
			isa = PBXResourcesBuildPhase;
			buildActionMask = 2147483647;
			files = (
				4D13A67D1AE01FF200979F32 /* High School logo.png in Resources */,
				4D13A67B1AE01F6A00979F32 /* GitHub_Logo.png in Resources */,
				4D0FE4741AE7ECD2005B46DD /* gpacal.png in Resources */,
				4D51DF001ADF53B200FD3DE9 /* Main.storyboard in Resources */,
				4D13A6771AE0133F00979F32 /* 402-Faceit-SirArkimedesBukkitDev.png in Resources */,
				4D0FE4851AE7ED76005B46DD /* blankicon.png in Resources */,
				4D9911161AE4793E0038B554 /* GameScene.sks in Resources */,
				4D51DF051ADF53B200FD3DE9 /* LaunchScreen.xib in Resources */,
				4D13A66F1ADFF86200979F32 /* AboutCell.xib in Resources */,
				4D51DF021ADF53B200FD3DE9 /* Images.xcassets in Resources */,
				4DE522EF1AE5E38800094627 /* deliverycoicon.png in Resources */,
				4DE522ED1AE5DFA400094627 /* xcode_hammer.png in Resources */,
			);
			runOnlyForDeploymentPostprocessing = 0;
		};
		4D51DF081ADF53B200FD3DE9 /* Resources */ = {
			isa = PBXResourcesBuildPhase;
			buildActionMask = 2147483647;
			files = (
			);
			runOnlyForDeploymentPostprocessing = 0;
		};
/* End PBXResourcesBuildPhase section */

/* Begin PBXSourcesBuildPhase section */
		4D51DEEA1ADF53B200FD3DE9 /* Sources */ = {
			isa = PBXSourcesBuildPhase;
			buildActionMask = 2147483647;
			files = (
				4D21568C1AE09B190059EA08 /* Item.m in Sources */,
				4D51DEF71ADF53B200FD3DE9 /* AppDelegate.m in Sources */,
				4D0FE4711AE7DF3C005B46DD /* ProjectsViewController.m in Sources */,
				4D2242531AE337010078C062 /* GameViewController.m in Sources */,
				4D99111C1AE481FA0038B554 /* GameScene.swift in Sources */,
				4D51DEFA1ADF53B200FD3DE9 /* Andrew_Robinson.xcdatamodeld in Sources */,
				4DF583371AE56A150070FAC5 /* DetailViewController.m in Sources */,
				4D13A6751AE0009500979F32 /* AboutCell.m in Sources */,
				4D51DEF41ADF53B200FD3DE9 /* main.m in Sources */,
				4D9911191AE479650038B554 /* GameScene.m in Sources */,
				4D13A6721ADFF98C00979F32 /* MainViewController.m in Sources */,
			);
			runOnlyForDeploymentPostprocessing = 0;
		};
		4D51DF061ADF53B200FD3DE9 /* Sources */ = {
			isa = PBXSourcesBuildPhase;
			buildActionMask = 2147483647;
			files = (
				4D51DF111ADF53B200FD3DE9 /* Andrew_RobinsonTests.m in Sources */,
			);
			runOnlyForDeploymentPostprocessing = 0;
		};
/* End PBXSourcesBuildPhase section */

/* Begin PBXTargetDependency section */
		4D51DF0C1ADF53B200FD3DE9 /* PBXTargetDependency */ = {
			isa = PBXTargetDependency;
			target = 4D51DEED1ADF53B200FD3DE9 /* Andrew Robinson */;
			targetProxy = 4D51DF0B1ADF53B200FD3DE9 /* PBXContainerItemProxy */;
		};
/* End PBXTargetDependency section */

/* Begin PBXVariantGroup section */
		4D51DEFE1ADF53B200FD3DE9 /* Main.storyboard */ = {
			isa = PBXVariantGroup;
			children = (
				4D51DEFF1ADF53B200FD3DE9 /* Base */,
			);
			name = Main.storyboard;
			sourceTree = "<group>";
		};
		4D51DF031ADF53B200FD3DE9 /* LaunchScreen.xib */ = {
			isa = PBXVariantGroup;
			children = (
				4D51DF041ADF53B200FD3DE9 /* Base */,
			);
			name = LaunchScreen.xib;
			sourceTree = "<group>";
		};
/* End PBXVariantGroup section */

/* Begin XCBuildConfiguration section */
		4D51DF121ADF53B200FD3DE9 /* Debug */ = {
			isa = XCBuildConfiguration;
			buildSettings = {
				ALWAYS_SEARCH_USER_PATHS = NO;
				CLANG_CXX_LANGUAGE_STANDARD = "gnu++0x";
				CLANG_CXX_LIBRARY = "libc++";
				CLANG_ENABLE_MODULES = YES;
				CLANG_ENABLE_OBJC_ARC = YES;
				CLANG_WARN_BOOL_CONVERSION = YES;
				CLANG_WARN_CONSTANT_CONVERSION = YES;
				CLANG_WARN_DIRECT_OBJC_ISA_USAGE = YES_ERROR;
				CLANG_WARN_EMPTY_BODY = YES;
				CLANG_WARN_ENUM_CONVERSION = YES;
				CLANG_WARN_INT_CONVERSION = YES;
				CLANG_WARN_OBJC_ROOT_CLASS = YES_ERROR;
				CLANG_WARN_UNREACHABLE_CODE = YES;
				CLANG_WARN__DUPLICATE_METHOD_MATCH = YES;
				"CODE_SIGN_IDENTITY[sdk=iphoneos*]" = "iPhone Developer";
				COPY_PHASE_STRIP = NO;
				DEBUG_INFORMATION_FORMAT = "dwarf-with-dsym";
				ENABLE_STRICT_OBJC_MSGSEND = YES;
				GCC_C_LANGUAGE_STANDARD = gnu99;
				GCC_DYNAMIC_NO_PIC = NO;
				GCC_NO_COMMON_BLOCKS = YES;
				GCC_OPTIMIZATION_LEVEL = 0;
				GCC_PREPROCESSOR_DEFINITIONS = (
					"DEBUG=1",
					"$(inherited)",
				);
				GCC_SYMBOLS_PRIVATE_EXTERN = NO;
				GCC_WARN_64_TO_32_BIT_CONVERSION = YES;
				GCC_WARN_ABOUT_RETURN_TYPE = YES_ERROR;
				GCC_WARN_UNDECLARED_SELECTOR = YES;
				GCC_WARN_UNINITIALIZED_AUTOS = YES_AGGRESSIVE;
				GCC_WARN_UNUSED_FUNCTION = YES;
				GCC_WARN_UNUSED_VARIABLE = YES;
				IPHONEOS_DEPLOYMENT_TARGET = 8.3;
				MTL_ENABLE_DEBUG_INFO = YES;
				ONLY_ACTIVE_ARCH = YES;
				SDKROOT = iphoneos;
				TARGETED_DEVICE_FAMILY = "1,2";
			};
			name = Debug;
		};
		4D51DF131ADF53B200FD3DE9 /* Release */ = {
			isa = XCBuildConfiguration;
			buildSettings = {
				ALWAYS_SEARCH_USER_PATHS = NO;
				CLANG_CXX_LANGUAGE_STANDARD = "gnu++0x";
				CLANG_CXX_LIBRARY = "libc++";
				CLANG_ENABLE_MODULES = YES;
				CLANG_ENABLE_OBJC_ARC = YES;
				CLANG_WARN_BOOL_CONVERSION = YES;
				CLANG_WARN_CONSTANT_CONVERSION = YES;
				CLANG_WARN_DIRECT_OBJC_ISA_USAGE = YES_ERROR;
				CLANG_WARN_EMPTY_BODY = YES;
				CLANG_WARN_ENUM_CONVERSION = YES;
				CLANG_WARN_INT_CONVERSION = YES;
				CLANG_WARN_OBJC_ROOT_CLASS = YES_ERROR;
				CLANG_WARN_UNREACHABLE_CODE = YES;
				CLANG_WARN__DUPLICATE_METHOD_MATCH = YES;
				"CODE_SIGN_IDENTITY[sdk=iphoneos*]" = "iPhone Developer";
				COPY_PHASE_STRIP = NO;
				DEBUG_INFORMATION_FORMAT = "dwarf-with-dsym";
				ENABLE_NS_ASSERTIONS = NO;
				ENABLE_STRICT_OBJC_MSGSEND = YES;
				GCC_C_LANGUAGE_STANDARD = gnu99;
				GCC_NO_COMMON_BLOCKS = YES;
				GCC_WARN_64_TO_32_BIT_CONVERSION = YES;
				GCC_WARN_ABOUT_RETURN_TYPE = YES_ERROR;
				GCC_WARN_UNDECLARED_SELECTOR = YES;
				GCC_WARN_UNINITIALIZED_AUTOS = YES_AGGRESSIVE;
				GCC_WARN_UNUSED_FUNCTION = YES;
				GCC_WARN_UNUSED_VARIABLE = YES;
				IPHONEOS_DEPLOYMENT_TARGET = 8.3;
				MTL_ENABLE_DEBUG_INFO = NO;
				SDKROOT = iphoneos;
				TARGETED_DEVICE_FAMILY = "1,2";
				VALIDATE_PRODUCT = YES;
			};
			name = Release;
		};
		4D51DF151ADF53B200FD3DE9 /* Debug */ = {
			isa = XCBuildConfiguration;
			buildSettings = {
				ASSETCATALOG_COMPILER_APPICON_NAME = AppIcon;
				CLANG_ENABLE_MODULES = YES;
				CODE_SIGN_IDENTITY = "iPhone Developer";
				INFOPLIST_FILE = "Andrew Robinson/Info.plist";
				LD_RUNPATH_SEARCH_PATHS = "$(inherited) @executable_path/Frameworks";
				PRODUCT_NAME = "$(TARGET_NAME)";
				SWIFT_OBJC_BRIDGING_HEADER = "Andrew Robinson/Andrew Robinson-Bridging-Header.h";
				SWIFT_OPTIMIZATION_LEVEL = "-Onone";
			};
			name = Debug;
		};
		4D51DF161ADF53B200FD3DE9 /* Release */ = {
			isa = XCBuildConfiguration;
			buildSettings = {
				ASSETCATALOG_COMPILER_APPICON_NAME = AppIcon;
				CLANG_ENABLE_MODULES = YES;
				CODE_SIGN_IDENTITY = "iPhone Developer";
				INFOPLIST_FILE = "Andrew Robinson/Info.plist";
				LD_RUNPATH_SEARCH_PATHS = "$(inherited) @executable_path/Frameworks";
				PRODUCT_NAME = "$(TARGET_NAME)";
				SWIFT_OBJC_BRIDGING_HEADER = "Andrew Robinson/Andrew Robinson-Bridging-Header.h";
			};
			name = Release;
		};
		4D51DF181ADF53B200FD3DE9 /* Debug */ = {
			isa = XCBuildConfiguration;
			buildSettings = {
				BUNDLE_LOADER = "$(TEST_HOST)";
				FRAMEWORK_SEARCH_PATHS = (
					"$(SDKROOT)/Developer/Library/Frameworks",
					"$(inherited)",
				);
				GCC_PREPROCESSOR_DEFINITIONS = (
					"DEBUG=1",
					"$(inherited)",
				);
				INFOPLIST_FILE = "Andrew RobinsonTests/Info.plist";
				LD_RUNPATH_SEARCH_PATHS = "$(inherited) @executable_path/Frameworks @loader_path/Frameworks";
				PRODUCT_NAME = "$(TARGET_NAME)";
				TEST_HOST = "$(BUILT_PRODUCTS_DIR)/Andrew Robinson.app/Andrew Robinson";
			};
			name = Debug;
		};
		4D51DF191ADF53B200FD3DE9 /* Release */ = {
			isa = XCBuildConfiguration;
			buildSettings = {
				BUNDLE_LOADER = "$(TEST_HOST)";
				FRAMEWORK_SEARCH_PATHS = (
					"$(SDKROOT)/Developer/Library/Frameworks",
					"$(inherited)",
				);
				INFOPLIST_FILE = "Andrew RobinsonTests/Info.plist";
				LD_RUNPATH_SEARCH_PATHS = "$(inherited) @executable_path/Frameworks @loader_path/Frameworks";
				PRODUCT_NAME = "$(TARGET_NAME)";
				TEST_HOST = "$(BUILT_PRODUCTS_DIR)/Andrew Robinson.app/Andrew Robinson";
			};
			name = Release;
		};
/* End XCBuildConfiguration section */

/* Begin XCConfigurationList section */
		4D51DEE91ADF53B200FD3DE9 /* Build configuration list for PBXProject "Andrew Robinson" */ = {
			isa = XCConfigurationList;
			buildConfigurations = (
				4D51DF121ADF53B200FD3DE9 /* Debug */,
				4D51DF131ADF53B200FD3DE9 /* Release */,
			);
			defaultConfigurationIsVisible = 0;
			defaultConfigurationName = Release;
		};
		4D51DF141ADF53B200FD3DE9 /* Build configuration list for PBXNativeTarget "Andrew Robinson" */ = {
			isa = XCConfigurationList;
			buildConfigurations = (
				4D51DF151ADF53B200FD3DE9 /* Debug */,
				4D51DF161ADF53B200FD3DE9 /* Release */,
			);
			defaultConfigurationIsVisible = 0;
			defaultConfigurationName = Release;
		};
		4D51DF171ADF53B200FD3DE9 /* Build configuration list for PBXNativeTarget "Andrew RobinsonTests" */ = {
			isa = XCConfigurationList;
			buildConfigurations = (
				4D51DF181ADF53B200FD3DE9 /* Debug */,
				4D51DF191ADF53B200FD3DE9 /* Release */,
			);
			defaultConfigurationIsVisible = 0;
			defaultConfigurationName = Release;
		};
/* End XCConfigurationList section */

/* Begin XCVersionGroup section */
		4D51DEF81ADF53B200FD3DE9 /* Andrew_Robinson.xcdatamodeld */ = {
			isa = XCVersionGroup;
			children = (
				4D51DEF91ADF53B200FD3DE9 /* Andrew_Robinson.xcdatamodel */,
			);
			currentVersion = 4D51DEF91ADF53B200FD3DE9 /* Andrew_Robinson.xcdatamodel */;
			path = Andrew_Robinson.xcdatamodeld;
			sourceTree = "<group>";
			versionGroupType = wrapper.xcdatamodel;
		};
/* End XCVersionGroup section */
	};
	rootObject = 4D51DEE61ADF53B200FD3DE9 /* Project object */;
}
